
Microsoft Visual Studio Solution File, Format Version 12.00
# Visual Studio Version 17
VisualStudioVersion = 17.9.34701.34
MinimumVisualStudioVersion = 10.0.40219.1
Project("{9A19103F-16F7-4668-BE54-9A1E7A4F7556}") = "Library", "Library\Library.csproj", "{2BD694A3-279B-45DF-B769-FE26B22D3105}"
EndProject
Project("{FAE04EC0-301F-11D3-BF4B-00C04F79EFBC}") = "LibraryTests", "LibraryTests\LibraryTests.csproj", "{B726965B-6CD3-4235-8D34-15548CF61F31}"
EndProject
Global
	GlobalSection(SolutionConfigurationPlatforms) = preSolution
		Debug|Any CPU = Debug|Any CPU
		Release|Any CPU = Release|Any CPU
	EndGlobalSection
	GlobalSection(ProjectConfigurationPlatforms) = postSolution
		{2BD694A3-279B-45DF-B769-FE26B22D3105}.Debug|Any CPU.ActiveCfg = Debug|Any CPU
		{2BD694A3-279B-45DF-B769-FE26B22D3105}.Debug|Any CPU.Build.0 = Debug|Any CPU
		{2BD694A3-279B-45DF-B769-FE26B22D3105}.Release|Any CPU.ActiveCfg = Release|Any CPU
		{2BD694A3-279B-45DF-B769-FE26B22D3105}.Release|Any CPU.Build.0 = Release|Any CPU
		{B726965B-6CD3-4235-8D34-15548CF61F31}.Debug|Any CPU.ActiveCfg = Debug|Any CPU
		{B726965B-6CD3-4235-8D34-15548CF61F31}.Debug|Any CPU.Build.0 = Debug|Any CPU
		{B726965B-6CD3-4235-8D34-15548CF61F31}.Release|Any CPU.ActiveCfg = Release|Any CPU
		{B726965B-6CD3-4235-8D34-15548CF61F31}.Release|Any CPU.Build.0 = Release|Any CPU
	EndGlobalSection
	GlobalSection(SolutionProperties) = preSolution
		HideSolutionNode = FALSE
	EndGlobalSection
	GlobalSection(ExtensibilityGlobals) = postSolution
		SolutionGuid = {EEB11FFB-B5FE-47F2-99BC-58E15E8F9E16}
	EndGlobalSection
EndGlobal
